
Microsoft Visual Studio Solution File, Format Version 12.00
# Visual Studio Version 17
VisualStudioVersion = 17.0.31903.59
MinimumVisualStudioVersion = 10.0.40219.1
Project("{2150E333-8FDC-42A3-9474-1A3956D46DE8}") = "src", "src", "{02EA681E-C7D8-13C7-8484-4AC65E1B71E8}"
EndProject
Project("{2150E333-8FDC-42A3-9474-1A3956D46DE8}") = "test", "test", "{126382B4-0978-4EF5-8622-F4E2B1BAAB4D}"
EndProject
Project("{2150E333-8FDC-42A3-9474-1A3956D46DE8}") = "adapters", "adapters", "{30F3B05B-014F-4048-886B-BAB052AB7052}"
EndProject
Project("{2150E333-8FDC-42A3-9474-1A3956D46DE8}") = "core", "core", "{343A6317-6D2C-4BB9-ACCD-2705B3A84333}"
EndProject
Project("{FAE04EC0-301F-11D3-BF4B-00C04F79EFBC}") = "Finance.Host", "src\Finance.Host\Finance.Host.csproj", "{302FC1BC-155A-38A2-1E6C-79E93DEA7FCB}"
EndProject
Project("{2150E333-8FDC-42A3-9474-1A3956D46DE8}") = "driven", "driven", "{2F0D2DFF-E111-4375-AB1A-E5830421CAA8}"
EndProject
Project("{2150E333-8FDC-42A3-9474-1A3956D46DE8}") = "driver", "driver", "{4F451C3D-5B69-443C-AD5D-D732F4BE89E4}"
EndProject
Project("{FAE04EC0-301F-11D3-BF4B-00C04F79EFBC}") = "ApiAdapter", "src\adapters\driver\ApiAdapter\ApiAdapter.csproj", "{F4E7FCF0-8EB2-492B-EF35-05E78F97B4E0}"
EndProject
Project("{FAE04EC0-301F-11D3-BF4B-00C04F79EFBC}") = "MongoDbAdapter", "src\adapters\driven\MongoDbAdapter\MongoDbAdapter.csproj", "{84C0521C-922F-3940-1EEB-D2671C63B5BC}"
EndProject
Project("{FAE04EC0-301F-11D3-BF4B-00C04F79EFBC}") = "RabbitMqAdapter", "src\adapters\driven\RabbitMqAdapter\RabbitMqAdapter.csproj", "{0C271284-6E9B-8D3A-34AA-04ED0C66EF11}"
EndProject
Project("{FAE04EC0-301F-11D3-BF4B-00C04F79EFBC}") = "Core", "src\core\Core\Core.csproj", "{E1BFE4DB-3E38-3226-772E-F22F7539B468}"
EndProject
Global
	GlobalSection(SolutionConfigurationPlatforms) = preSolution
		Debug|Any CPU = Debug|Any CPU
		Release|Any CPU = Release|Any CPU
	EndGlobalSection
	GlobalSection(ProjectConfigurationPlatforms) = postSolution
		{302FC1BC-155A-38A2-1E6C-79E93DEA7FCB}.Debug|Any CPU.ActiveCfg = Debug|Any CPU
		{302FC1BC-155A-38A2-1E6C-79E93DEA7FCB}.Debug|Any CPU.Build.0 = Debug|Any CPU
		{302FC1BC-155A-38A2-1E6C-79E93DEA7FCB}.Release|Any CPU.ActiveCfg = Release|Any CPU
		{302FC1BC-155A-38A2-1E6C-79E93DEA7FCB}.Release|Any CPU.Build.0 = Release|Any CPU
		{F4E7FCF0-8EB2-492B-EF35-05E78F97B4E0}.Debug|Any CPU.ActiveCfg = Debug|Any CPU
		{F4E7FCF0-8EB2-492B-EF35-05E78F97B4E0}.Debug|Any CPU.Build.0 = Debug|Any CPU
		{F4E7FCF0-8EB2-492B-EF35-05E78F97B4E0}.Release|Any CPU.ActiveCfg = Release|Any CPU
		{F4E7FCF0-8EB2-492B-EF35-05E78F97B4E0}.Release|Any CPU.Build.0 = Release|Any CPU
		{84C0521C-922F-3940-1EEB-D2671C63B5BC}.Debug|Any CPU.ActiveCfg = Debug|Any CPU
		{84C0521C-922F-3940-1EEB-D2671C63B5BC}.Debug|Any CPU.Build.0 = Debug|Any CPU
		{84C0521C-922F-3940-1EEB-D2671C63B5BC}.Release|Any CPU.ActiveCfg = Release|Any CPU
		{84C0521C-922F-3940-1EEB-D2671C63B5BC}.Release|Any CPU.Build.0 = Release|Any CPU
		{0C271284-6E9B-8D3A-34AA-04ED0C66EF11}.Debug|Any CPU.ActiveCfg = Debug|Any CPU
		{0C271284-6E9B-8D3A-34AA-04ED0C66EF11}.Debug|Any CPU.Build.0 = Debug|Any CPU
		{0C271284-6E9B-8D3A-34AA-04ED0C66EF11}.Release|Any CPU.ActiveCfg = Release|Any CPU
		{0C271284-6E9B-8D3A-34AA-04ED0C66EF11}.Release|Any CPU.Build.0 = Release|Any CPU
		{E1BFE4DB-3E38-3226-772E-F22F7539B468}.Debug|Any CPU.ActiveCfg = Debug|Any CPU
		{E1BFE4DB-3E38-3226-772E-F22F7539B468}.Debug|Any CPU.Build.0 = Debug|Any CPU
		{E1BFE4DB-3E38-3226-772E-F22F7539B468}.Release|Any CPU.ActiveCfg = Release|Any CPU
		{E1BFE4DB-3E38-3226-772E-F22F7539B468}.Release|Any CPU.Build.0 = Release|Any CPU
	EndGlobalSection
	GlobalSection(SolutionProperties) = preSolution
		HideSolutionNode = FALSE
	EndGlobalSection
	GlobalSection(NestedProjects) = preSolution
		{30F3B05B-014F-4048-886B-BAB052AB7052} = {02EA681E-C7D8-13C7-8484-4AC65E1B71E8}
		{343A6317-6D2C-4BB9-ACCD-2705B3A84333} = {02EA681E-C7D8-13C7-8484-4AC65E1B71E8}
		{302FC1BC-155A-38A2-1E6C-79E93DEA7FCB} = {02EA681E-C7D8-13C7-8484-4AC65E1B71E8}
		{2F0D2DFF-E111-4375-AB1A-E5830421CAA8} = {30F3B05B-014F-4048-886B-BAB052AB7052}
		{4F451C3D-5B69-443C-AD5D-D732F4BE89E4} = {30F3B05B-014F-4048-886B-BAB052AB7052}
		{F4E7FCF0-8EB2-492B-EF35-05E78F97B4E0} = {4F451C3D-5B69-443C-AD5D-D732F4BE89E4}
		{84C0521C-922F-3940-1EEB-D2671C63B5BC} = {2F0D2DFF-E111-4375-AB1A-E5830421CAA8}
		{0C271284-6E9B-8D3A-34AA-04ED0C66EF11} = {2F0D2DFF-E111-4375-AB1A-E5830421CAA8}
		{E1BFE4DB-3E38-3226-772E-F22F7539B468} = {343A6317-6D2C-4BB9-ACCD-2705B3A84333}
	EndGlobalSection
	GlobalSection(ExtensibilityGlobals) = postSolution
		SolutionGuid = {15A49585-6962-44EF-AD83-F8301EFE77B1}
	EndGlobalSection
EndGlobal
